
Microsoft Visual Studio Solution File, Format Version 12.00
# Visual Studio Version 17
VisualStudioVersion = 17.2.32519.379
MinimumVisualStudioVersion = 10.0.40219.1
Project("{FAE04EC0-301F-11D3-BF4B-00C04F79EFBC}") = "SQL Database Generator", "SQL Database Generator\SQL Database Generator.csproj", "{F3CCCF69-01BA-4211-97C7-215A8E1C3156}"
EndProject
Project("{9A19103F-16F7-4668-BE54-9A1E7A4F7556}") = "SQL Database Generator.UnitTests", "SQL Database Generator.UnitTests\SQL Database Generator.UnitTests.csproj", "{ADFA42C0-16C6-4AE0-AF18-9A49BC9E14A8}"
EndProject
Project("{FAE04EC0-301F-11D3-BF4B-00C04F79EFBC}") = "SQL Database Generator.IntegrationTests", "SQL Database Generator.IntegrationTests\SQL Database Generator.IntegrationTests.csproj", "{5C6776BD-B486-4E0B-9CDD-8FDBFC5BA4CF}"
EndProject
Global
	GlobalSection(SolutionConfigurationPlatforms) = preSolution
		Debug|Any CPU = Debug|Any CPU
		Release|Any CPU = Release|Any CPU
	EndGlobalSection
	GlobalSection(ProjectConfigurationPlatforms) = postSolution
		{F3CCCF69-01BA-4211-97C7-215A8E1C3156}.Debug|Any CPU.ActiveCfg = Debug|Any CPU
		{F3CCCF69-01BA-4211-97C7-215A8E1C3156}.Debug|Any CPU.Build.0 = Debug|Any CPU
		{F3CCCF69-01BA-4211-97C7-215A8E1C3156}.Release|Any CPU.ActiveCfg = Release|Any CPU
		{F3CCCF69-01BA-4211-97C7-215A8E1C3156}.Release|Any CPU.Build.0 = Release|Any CPU
		{ADFA42C0-16C6-4AE0-AF18-9A49BC9E14A8}.Debug|Any CPU.ActiveCfg = Debug|Any CPU
		{ADFA42C0-16C6-4AE0-AF18-9A49BC9E14A8}.Debug|Any CPU.Build.0 = Debug|Any CPU
		{ADFA42C0-16C6-4AE0-AF18-9A49BC9E14A8}.Release|Any CPU.ActiveCfg = Release|Any CPU
		{ADFA42C0-16C6-4AE0-AF18-9A49BC9E14A8}.Release|Any CPU.Build.0 = Release|Any CPU
		{5C6776BD-B486-4E0B-9CDD-8FDBFC5BA4CF}.Debug|Any CPU.ActiveCfg = Debug|Any CPU
		{5C6776BD-B486-4E0B-9CDD-8FDBFC5BA4CF}.Debug|Any CPU.Build.0 = Debug|Any CPU
		{5C6776BD-B486-4E0B-9CDD-8FDBFC5BA4CF}.Release|Any CPU.ActiveCfg = Release|Any CPU
		{5C6776BD-B486-4E0B-9CDD-8FDBFC5BA4CF}.Release|Any CPU.Build.0 = Release|Any CPU
	EndGlobalSection
	GlobalSection(SolutionProperties) = preSolution
		HideSolutionNode = FALSE
	EndGlobalSection
	GlobalSection(ExtensibilityGlobals) = postSolution
		SolutionGuid = {8D3D75F8-7F28-448C-ADB0-53A202943EAF}
	EndGlobalSection
EndGlobal
